// !$*UTF8*$!
{
	archiveVersion = 1;
	classes = {
	};
	objectVersion = 55;
	objects = {

/* Begin PBXBuildFile section */
		DF07D331283D3EDE00D13132 /* AppDelegate.swift in Sources */ = {isa = PBXBuildFile; fileRef = DF07D330283D3EDE00D13132 /* AppDelegate.swift */; };
		DF07D333283D3EDE00D13132 /* SceneDelegate.swift in Sources */ = {isa = PBXBuildFile; fileRef = DF07D332283D3EDE00D13132 /* SceneDelegate.swift */; };
		DF07D33A283D3EDF00D13132 /* Assets.xcassets in Resources */ = {isa = PBXBuildFile; fileRef = DF07D339283D3EDF00D13132 /* Assets.xcassets */; };
		DF07D33D283D3EDF00D13132 /* LaunchScreen.storyboard in Resources */ = {isa = PBXBuildFile; fileRef = DF07D33B283D3EDF00D13132 /* LaunchScreen.storyboard */; };
		DF07D345283D4A2D00D13132 /* MainTabBar.swift in Sources */ = {isa = PBXBuildFile; fileRef = DF07D344283D4A2D00D13132 /* MainTabBar.swift */; };
		DF07D349283D4CA400D13132 /* HomeCordinator.swift in Sources */ = {isa = PBXBuildFile; fileRef = DF07D348283D4CA400D13132 /* HomeCordinator.swift */; };
		DF07D34B283D4E6600D13132 /* HomeViewController.swift in Sources */ = {isa = PBXBuildFile; fileRef = DF07D34A283D4E6600D13132 /* HomeViewController.swift */; };
		DF07D34E283D511B00D13132 /* FavoritsCoordinator.swift in Sources */ = {isa = PBXBuildFile; fileRef = DF07D34D283D511B00D13132 /* FavoritsCoordinator.swift */; };
		DF07D350283D52D000D13132 /* FavouritsViewController.swift in Sources */ = {isa = PBXBuildFile; fileRef = DF07D34F283D52D000D13132 /* FavouritsViewController.swift */; };
/* End PBXBuildFile section */

/* Begin PBXFileReference section */
		DF07D32D283D3EDE00D13132 /* ZooMarket.app */ = {isa = PBXFileReference; explicitFileType = wrapper.application; includeInIndex = 0; path = ZooMarket.app; sourceTree = BUILT_PRODUCTS_DIR; };
		DF07D330283D3EDE00D13132 /* AppDelegate.swift */ = {isa = PBXFileReference; lastKnownFileType = sourcecode.swift; path = AppDelegate.swift; sourceTree = "<group>"; };
		DF07D332283D3EDE00D13132 /* SceneDelegate.swift */ = {isa = PBXFileReference; lastKnownFileType = sourcecode.swift; path = SceneDelegate.swift; sourceTree = "<group>"; };
		DF07D339283D3EDF00D13132 /* Assets.xcassets */ = {isa = PBXFileReference; lastKnownFileType = folder.assetcatalog; path = Assets.xcassets; sourceTree = "<group>"; };
		DF07D33C283D3EDF00D13132 /* Base */ = {isa = PBXFileReference; lastKnownFileType = file.storyboard; name = Base; path = Base.lproj/LaunchScreen.storyboard; sourceTree = "<group>"; };
		DF07D33E283D3EDF00D13132 /* Info.plist */ = {isa = PBXFileReference; lastKnownFileType = text.plist.xml; path = Info.plist; sourceTree = "<group>"; };
		DF07D344283D4A2D00D13132 /* MainTabBar.swift */ = {isa = PBXFileReference; lastKnownFileType = sourcecode.swift; path = MainTabBar.swift; sourceTree = "<group>"; };
		DF07D348283D4CA400D13132 /* HomeCordinator.swift */ = {isa = PBXFileReference; lastKnownFileType = sourcecode.swift; path = HomeCordinator.swift; sourceTree = "<group>"; };
		DF07D34A283D4E6600D13132 /* HomeViewController.swift */ = {isa = PBXFileReference; lastKnownFileType = sourcecode.swift; path = HomeViewController.swift; sourceTree = "<group>"; };
		DF07D34D283D511B00D13132 /* FavoritsCoordinator.swift */ = {isa = PBXFileReference; lastKnownFileType = sourcecode.swift; path = FavoritsCoordinator.swift; sourceTree = "<group>"; };
		DF07D34F283D52D000D13132 /* FavouritsViewController.swift */ = {isa = PBXFileReference; lastKnownFileType = sourcecode.swift; path = FavouritsViewController.swift; sourceTree = "<group>"; };
/* End PBXFileReference section */

/* Begin PBXFrameworksBuildPhase section */
		DF07D32A283D3EDE00D13132 /* Frameworks */ = {
			isa = PBXFrameworksBuildPhase;
			buildActionMask = 2147483647;
			files = (
			);
			runOnlyForDeploymentPostprocessing = 0;
		};
/* End PBXFrameworksBuildPhase section */

/* Begin PBXGroup section */
		DF07D324283D3EDE00D13132 = {
			isa = PBXGroup;
			children = (
				DF07D32F283D3EDE00D13132 /* ZooMarket */,
				DF07D32E283D3EDE00D13132 /* Products */,
			);
			sourceTree = "<group>";
		};
		DF07D32E283D3EDE00D13132 /* Products */ = {
			isa = PBXGroup;
			children = (
				DF07D32D283D3EDE00D13132 /* ZooMarket.app */,
			);
			name = Products;
			sourceTree = "<group>";
		};
		DF07D32F283D3EDE00D13132 /* ZooMarket */ = {
			isa = PBXGroup;
			children = (
				DF07D330283D3EDE00D13132 /* AppDelegate.swift */,
				DF07D332283D3EDE00D13132 /* SceneDelegate.swift */,
				DF07D346283D4C5100D13132 /* Scens */,
				DF07D339283D3EDF00D13132 /* Assets.xcassets */,
				DF07D33B283D3EDF00D13132 /* LaunchScreen.storyboard */,
				DF07D33E283D3EDF00D13132 /* Info.plist */,
			);
			path = ZooMarket;
			sourceTree = "<group>";
		};
		DF07D346283D4C5100D13132 /* Scens */ = {
			isa = PBXGroup;
			children = (
				DF07D344283D4A2D00D13132 /* MainTabBar.swift */,
				DF07D34C283D509200D13132 /* Favorites */,
				DF07D347283D4C6200D13132 /* Home */,
			);
			path = Scens;
			sourceTree = "<group>";
		};
		DF07D347283D4C6200D13132 /* Home */ = {
			isa = PBXGroup;
			children = (
				DF07D348283D4CA400D13132 /* HomeCordinator.swift */,
				DF07D34A283D4E6600D13132 /* HomeViewController.swift */,
			);
			path = Home;
			sourceTree = "<group>";
		};
		DF07D34C283D509200D13132 /* Favorites */ = {
			isa = PBXGroup;
			children = (
				DF07D34D283D511B00D13132 /* FavoritsCoordinator.swift */,
				DF07D34F283D52D000D13132 /* FavouritsViewController.swift */,
			);
			path = Favorites;
			sourceTree = "<group>";
		};
/* End PBXGroup section */

/* Begin PBXNativeTarget section */
		DF07D32C283D3EDE00D13132 /* ZooMarket */ = {
			isa = PBXNativeTarget;
			buildConfigurationList = DF07D341283D3EDF00D13132 /* Build configuration list for PBXNativeTarget "ZooMarket" */;
			buildPhases = (
				DF07D329283D3EDE00D13132 /* Sources */,
				DF07D32A283D3EDE00D13132 /* Frameworks */,
				DF07D32B283D3EDE00D13132 /* Resources */,
			);
			buildRules = (
			);
			dependencies = (
			);
			name = ZooMarket;
			productName = ZooMarket;
			productReference = DF07D32D283D3EDE00D13132 /* ZooMarket.app */;
			productType = "com.apple.product-type.application";
		};
/* End PBXNativeTarget section */

/* Begin PBXProject section */
		DF07D325283D3EDE00D13132 /* Project object */ = {
			isa = PBXProject;
			attributes = {
				BuildIndependentTargetsInParallel = 1;
				LastSwiftUpdateCheck = 1330;
				LastUpgradeCheck = 1330;
				TargetAttributes = {
					DF07D32C283D3EDE00D13132 = {
						CreatedOnToolsVersion = 13.3;
					};
				};
			};
			buildConfigurationList = DF07D328283D3EDE00D13132 /* Build configuration list for PBXProject "ZooMarket" */;
			compatibilityVersion = "Xcode 13.0";
			developmentRegion = en;
			hasScannedForEncodings = 0;
			knownRegions = (
				en,
				Base,
			);
			mainGroup = DF07D324283D3EDE00D13132;
			productRefGroup = DF07D32E283D3EDE00D13132 /* Products */;
			projectDirPath = "";
			projectRoot = "";
			targets = (
				DF07D32C283D3EDE00D13132 /* ZooMarket */,
			);
		};
/* End PBXProject section */

/* Begin PBXResourcesBuildPhase section */
		DF07D32B283D3EDE00D13132 /* Resources */ = {
			isa = PBXResourcesBuildPhase;
			buildActionMask = 2147483647;
			files = (
				DF07D33D283D3EDF00D13132 /* LaunchScreen.storyboard in Resources */,
				DF07D33A283D3EDF00D13132 /* Assets.xcassets in Resources */,
			);
			runOnlyForDeploymentPostprocessing = 0;
		};
/* End PBXResourcesBuildPhase section */

/* Begin PBXSourcesBuildPhase section */
		DF07D329283D3EDE00D13132 /* Sources */ = {
			isa = PBXSourcesBuildPhase;
			buildActionMask = 2147483647;
			files = (
				DF07D34B283D4E6600D13132 /* HomeViewController.swift in Sources */,
				DF07D345283D4A2D00D13132 /* MainTabBar.swift in Sources */,
				DF07D34E283D511B00D13132 /* FavoritsCoordinator.swift in Sources */,
				DF07D350283D52D000D13132 /* FavouritsViewController.swift in Sources */,
				DF07D349283D4CA400D13132 /* HomeCordinator.swift in Sources */,
				DF07D331283D3EDE00D13132 /* AppDelegate.swift in Sources */,
				DF07D333283D3EDE00D13132 /* SceneDelegate.swift in Sources */,
			);
			runOnlyForDeploymentPostprocessing = 0;
		};
/* End PBXSourcesBuildPhase section */

/* Begin PBXVariantGroup section */
		DF07D33B283D3EDF00D13132 /* LaunchScreen.storyboard */ = {
			isa = PBXVariantGroup;
			children = (
				DF07D33C283D3EDF00D13132 /* Base */,
			);
			name = LaunchScreen.storyboard;
			sourceTree = "<group>";
		};
/* End PBXVariantGroup section */

/* Begin XCBuildConfiguration section */
		DF07D33F283D3EDF00D13132 /* Debug */ = {
			isa = XCBuildConfiguration;
			buildSettings = {
				ALWAYS_SEARCH_USER_PATHS = NO;
				CLANG_ANALYZER_NONNULL = YES;
				CLANG_ANALYZER_NUMBER_OBJECT_CONVERSION = YES_AGGRESSIVE;
				CLANG_CXX_LANGUAGE_STANDARD = "gnu++17";
				CLANG_ENABLE_MODULES = YES;
				CLANG_ENABLE_OBJC_ARC = YES;
				CLANG_ENABLE_OBJC_WEAK = YES;
				CLANG_WARN_BLOCK_CAPTURE_AUTORELEASING = YES;
				CLANG_WARN_BOOL_CONVERSION = YES;
				CLANG_WARN_COMMA = YES;
				CLANG_WARN_CONSTANT_CONVERSION = YES;
				CLANG_WARN_DEPRECATED_OBJC_IMPLEMENTATIONS = YES;
				CLANG_WARN_DIRECT_OBJC_ISA_USAGE = YES_ERROR;
				CLANG_WARN_DOCUMENTATION_COMMENTS = YES;
				CLANG_WARN_EMPTY_BODY = YES;
				CLANG_WARN_ENUM_CONVERSION = YES;
				CLANG_WARN_INFINITE_RECURSION = YES;
				CLANG_WARN_INT_CONVERSION = YES;
				CLANG_WARN_NON_LITERAL_NULL_CONVERSION = YES;
				CLANG_WARN_OBJC_IMPLICIT_RETAIN_SELF = YES;
				CLANG_WARN_OBJC_LITERAL_CONVERSION = YES;
				CLANG_WARN_OBJC_ROOT_CLASS = YES_ERROR;
				CLANG_WARN_QUOTED_INCLUDE_IN_FRAMEWORK_HEADER = YES;
				CLANG_WARN_RANGE_LOOP_ANALYSIS = YES;
				CLANG_WARN_STRICT_PROTOTYPES = YES;
				CLANG_WARN_SUSPICIOUS_MOVE = YES;
				CLANG_WARN_UNGUARDED_AVAILABILITY = YES_AGGRESSIVE;
				CLANG_WARN_UNREACHABLE_CODE = YES;
				CLANG_WARN__DUPLICATE_METHOD_MATCH = YES;
				COPY_PHASE_STRIP = NO;
				DEBUG_INFORMATION_FORMAT = dwarf;
				ENABLE_STRICT_OBJC_MSGSEND = YES;
				ENABLE_TESTABILITY = YES;
				GCC_C_LANGUAGE_STANDARD = gnu11;
				GCC_DYNAMIC_NO_PIC = NO;
				GCC_NO_COMMON_BLOCKS = YES;
				GCC_OPTIMIZATION_LEVEL = 0;
				GCC_PREPROCESSOR_DEFINITIONS = (
					"DEBUG=1",
					"$(inherited)",
				);
				GCC_WARN_64_TO_32_BIT_CONVERSION = YES;
				GCC_WARN_ABOUT_RETURN_TYPE = YES_ERROR;
				GCC_WARN_UNDECLARED_SELECTOR = YES;
				GCC_WARN_UNINITIALIZED_AUTOS = YES_AGGRESSIVE;
				GCC_WARN_UNUSED_FUNCTION = YES;
				GCC_WARN_UNUSED_VARIABLE = YES;
				IPHONEOS_DEPLOYMENT_TARGET = 15.4;
				MTL_ENABLE_DEBUG_INFO = INCLUDE_SOURCE;
				MTL_FAST_MATH = YES;
				ONLY_ACTIVE_ARCH = YES;
				SDKROOT = iphoneos;
				SWIFT_ACTIVE_COMPILATION_CONDITIONS = DEBUG;
				SWIFT_OPTIMIZATION_LEVEL = "-Onone";
			};
			name = Debug;
		};
		DF07D340283D3EDF00D13132 /* Release */ = {
			isa = XCBuildConfiguration;
			buildSettings = {
				ALWAYS_SEARCH_USER_PATHS = NO;
				CLANG_ANALYZER_NONNULL = YES;
				CLANG_ANALYZER_NUMBER_OBJECT_CONVERSION = YES_AGGRESSIVE;
				CLANG_CXX_LANGUAGE_STANDARD = "gnu++17";
				CLANG_ENABLE_MODULES = YES;
				CLANG_ENABLE_OBJC_ARC = YES;
				CLANG_ENABLE_OBJC_WEAK = YES;
				CLANG_WARN_BLOCK_CAPTURE_AUTORELEASING = YES;
				CLANG_WARN_BOOL_CONVERSION = YES;
				CLANG_WARN_COMMA = YES;
				CLANG_WARN_CONSTANT_CONVERSION = YES;
				CLANG_WARN_DEPRECATED_OBJC_IMPLEMENTATIONS = YES;
				CLANG_WARN_DIRECT_OBJC_ISA_USAGE = YES_ERROR;
				CLANG_WARN_DOCUMENTATION_COMMENTS = YES;
				CLANG_WARN_EMPTY_BODY = YES;
				CLANG_WARN_ENUM_CONVERSION = YES;
				CLANG_WARN_INFINITE_RECURSION = YES;
				CLANG_WARN_INT_CONVERSION = YES;
				CLANG_WARN_NON_LITERAL_NULL_CONVERSION = YES;
				CLANG_WARN_OBJC_IMPLICIT_RETAIN_SELF = YES;
				CLANG_WARN_OBJC_LITERAL_CONVERSION = YES;
				CLANG_WARN_OBJC_ROOT_CLASS = YES_ERROR;
				CLANG_WARN_QUOTED_INCLUDE_IN_FRAMEWORK_HEADER = YES;
				CLANG_WARN_RANGE_LOOP_ANALYSIS = YES;
				CLANG_WARN_STRICT_PROTOTYPES = YES;
				CLANG_WARN_SUSPICIOUS_MOVE = YES;
				CLANG_WARN_UNGUARDED_AVAILABILITY = YES_AGGRESSIVE;
				CLANG_WARN_UNREACHABLE_CODE = YES;
				CLANG_WARN__DUPLICATE_METHOD_MATCH = YES;
				COPY_PHASE_STRIP = NO;
				DEBUG_INFORMATION_FORMAT = "dwarf-with-dsym";
				ENABLE_NS_ASSERTIONS = NO;
				ENABLE_STRICT_OBJC_MSGSEND = YES;
				GCC_C_LANGUAGE_STANDARD = gnu11;
				GCC_NO_COMMON_BLOCKS = YES;
				GCC_WARN_64_TO_32_BIT_CONVERSION = YES;
				GCC_WARN_ABOUT_RETURN_TYPE = YES_ERROR;
				GCC_WARN_UNDECLARED_SELECTOR = YES;
				GCC_WARN_UNINITIALIZED_AUTOS = YES_AGGRESSIVE;
				GCC_WARN_UNUSED_FUNCTION = YES;
				GCC_WARN_UNUSED_VARIABLE = YES;
				IPHONEOS_DEPLOYMENT_TARGET = 15.4;
				MTL_ENABLE_DEBUG_INFO = NO;
				MTL_FAST_MATH = YES;
				SDKROOT = iphoneos;
				SWIFT_COMPILATION_MODE = wholemodule;
				SWIFT_OPTIMIZATION_LEVEL = "-O";
				VALIDATE_PRODUCT = YES;
			};
			name = Release;
		};
		DF07D342283D3EDF00D13132 /* Debug */ = {
			isa = XCBuildConfiguration;
			buildSettings = {
				ASSETCATALOG_COMPILER_APPICON_NAME = AppIcon;
				ASSETCATALOG_COMPILER_GLOBAL_ACCENT_COLOR_NAME = AccentColor;
				CODE_SIGN_STYLE = Automatic;
				CURRENT_PROJECT_VERSION = 1;
				GENERATE_INFOPLIST_FILE = YES;
				INFOPLIST_FILE = ZooMarket/Info.plist;
				INFOPLIST_KEY_UIApplicationSupportsIndirectInputEvents = YES;
				INFOPLIST_KEY_UILaunchStoryboardName = LaunchScreen;
				INFOPLIST_KEY_UISupportedInterfaceOrientations_iPad = "UIInterfaceOrientationPortrait UIInterfaceOrientationPortraitUpsideDown UIInterfaceOrientationLandscapeLeft UIInterfaceOrientationLandscapeRight";
				INFOPLIST_KEY_UISupportedInterfaceOrientations_iPhone = "UIInterfaceOrientationPortrait UIInterfaceOrientationLandscapeLeft UIInterfaceOrientationLandscapeRight";
				LD_RUNPATH_SEARCH_PATHS = (
					"$(inherited)",
					"@executable_path/Frameworks",
				);
				MARKETING_VERSION = 1.0;
				PRODUCT_BUNDLE_IDENTIFIER = ddd.ZooMarket;
				PRODUCT_NAME = "$(TARGET_NAME)";
				SWIFT_EMIT_LOC_STRINGS = YES;
				SWIFT_VERSION = 5.0;
				TARGETED_DEVICE_FAMILY = "1,2";
			};
			name = Debug;
		};
		DF07D343283D3EDF00D13132 /* Release */ = {
			isa = XCBuildConfiguration;
			buildSettings = {
				ASSETCATALOG_COMPILER_APPICON_NAME = AppIcon;
				ASSETCATALOG_COMPILER_GLOBAL_ACCENT_COLOR_NAME = AccentColor;
				CODE_SIGN_STYLE = Automatic;
				CURRENT_PROJECT_VERSION = 1;
				GENERATE_INFOPLIST_FILE = YES;
				INFOPLIST_FILE = ZooMarket/Info.plist;
				INFOPLIST_KEY_UIApplicationSupportsIndirectInputEvents = YES;
				INFOPLIST_KEY_UILaunchStoryboardName = LaunchScreen;
				INFOPLIST_KEY_UISupportedInterfaceOrientations_iPad = "UIInterfaceOrientationPortrait UIInterfaceOrientationPortraitUpsideDown UIInterfaceOrientationLandscapeLeft UIInterfaceOrientationLandscapeRight";
				INFOPLIST_KEY_UISupportedInterfaceOrientations_iPhone = "UIInterfaceOrientationPortrait UIInterfaceOrientationLandscapeLeft UIInterfaceOrientationLandscapeRight";
				LD_RUNPATH_SEARCH_PATHS = (
					"$(inherited)",
					"@executable_path/Frameworks",
				);
				MARKETING_VERSION = 1.0;
				PRODUCT_BUNDLE_IDENTIFIER = ddd.ZooMarket;
				PRODUCT_NAME = "$(TARGET_NAME)";
				SWIFT_EMIT_LOC_STRINGS = YES;
				SWIFT_VERSION = 5.0;
				TARGETED_DEVICE_FAMILY = "1,2";
			};
			name = Release;
		};
/* End XCBuildConfiguration section */

/* Begin XCConfigurationList section */
		DF07D328283D3EDE00D13132 /* Build configuration list for PBXProject "ZooMarket" */ = {
			isa = XCConfigurationList;
			buildConfigurations = (
				DF07D33F283D3EDF00D13132 /* Debug */,
				DF07D340283D3EDF00D13132 /* Release */,
			);
			defaultConfigurationIsVisible = 0;
			defaultConfigurationName = Release;
		};
		DF07D341283D3EDF00D13132 /* Build configuration list for PBXNativeTarget "ZooMarket" */ = {
			isa = XCConfigurationList;
			buildConfigurations = (
				DF07D342283D3EDF00D13132 /* Debug */,
				DF07D343283D3EDF00D13132 /* Release */,
			);
			defaultConfigurationIsVisible = 0;
			defaultConfigurationName = Release;
		};
/* End XCConfigurationList section */
	};
	rootObject = DF07D325283D3EDE00D13132 /* Project object */;
}
